
Microsoft Visual Studio Solution File, Format Version 12.00
Project("{2150E333-8FDC-42A3-9474-1A3956D46DE8}") = "Chapter01", "Chapter01", "{3066765E-BA3B-4675-9181-3B0C3A5D1A47}"
EndProject
Project("{2150E333-8FDC-42A3-9474-1A3956D46DE8}") = "Chapter02", "Chapter02", "{98B35956-D199-454C-AAFB-01DA7A40E975}"
EndProject
Project("{FAE04EC0-301F-11D3-BF4B-00C04F79EFBC}") = "Exercise01", "src\Chapter 01\Exercise01\Exercise01.csproj", "{2F73E080-97E0-45A5-9D04-27C9D49AD470}"
EndProject
Project("{FAE04EC0-301F-11D3-BF4B-00C04F79EFBC}") = "Exercise02", "src\Chapter 01\Exercise02\Exercise02.csproj", "{80858364-8428-41F1-97AF-8FD625BE5313}"
EndProject
Project("{FAE04EC0-301F-11D3-BF4B-00C04F79EFBC}") = "Exercise03", "src\Chapter 01\Exercise03\Exercise03.csproj", "{1B5EB2C1-88CE-4B07-AA6C-521119692B2E}"
EndProject
Project("{FAE04EC0-301F-11D3-BF4B-00C04F79EFBC}") = "Exercise04", "src\Chapter 01\Exercise04\Exercise04.csproj", "{CD64CCAF-1B7B-4019-9FB9-46AD417E86E5}"
EndProject
Project("{FAE04EC0-301F-11D3-BF4B-00C04F79EFBC}") = "Exercise05", "src\Chapter 01\Exercise05\Exercise05.csproj", "{DDEC62DC-19DA-49D2-8CEE-A54C358061A0}"
EndProject
Project("{FAE04EC0-301F-11D3-BF4B-00C04F79EFBC}") = "Exercise06", "src\Chapter 01\Exercise06\Exercise06.csproj", "{8F9D8347-5A99-4929-90E4-268F417C0477}"
EndProject
Project("{FAE04EC0-301F-11D3-BF4B-00C04F79EFBC}") = "Exercise07", "src\Chapter 01\Exercise07\Exercise07.csproj", "{C73E999E-ACFB-4A67-9DEC-3E708BB48D5D}"
EndProject
Project("{FAE04EC0-301F-11D3-BF4B-00C04F79EFBC}") = "Exercise08", "src\Chapter 01\Exercise08\Exercise08.csproj", "{DB9A6DF5-7FEB-4A3F-BD03-83B5036ECC4F}"
EndProject
Project("{FAE04EC0-301F-11D3-BF4B-00C04F79EFBC}") = "Exercise09", "src\Chapter 01\Exercise09\Exercise09.csproj", "{C7044088-3EA2-4B4D-AC26-60DA0531F5B2}"
EndProject
Project("{FAE04EC0-301F-11D3-BF4B-00C04F79EFBC}") = "Exercise10", "src\Chapter 01\Exercise10\Exercise10.csproj", "{93319352-3718-4568-B3D3-41FC4108C914}"
EndProject
Project("{FAE04EC0-301F-11D3-BF4B-00C04F79EFBC}") = "Exercise11", "src\Chapter 01\Exercise11\Exercise11.csproj", "{75AE5DE6-B9D9-4BFA-A563-BA3CA9EB4C68}"
EndProject
Project("{FAE04EC0-301F-11D3-BF4B-00C04F79EFBC}") = "Exercise12", "src\Chapter 01\Exercise12\Exercise12.csproj", "{E65B301F-A766-4931-BB23-18F8ED962C86}"
EndProject
Project("{FAE04EC0-301F-11D3-BF4B-00C04F79EFBC}") = "Exercise13", "src\Chapter 01\Exercise13\Exercise13.csproj", "{481C4CFC-1E9F-47D7-B20B-5F265327F6D6}"
EndProject
Project("{FAE04EC0-301F-11D3-BF4B-00C04F79EFBC}") = "Exercise01", "src\Chapter 02\Exercise01\Exercise01.csproj", "{C7D7B9EB-4F29-49EF-A82B-9F9622CE0825}"
EndProject
Project("{FAE04EC0-301F-11D3-BF4B-00C04F79EFBC}") = "Exercise02", "src\Chapter 02\Exercise02\Exercise02.csproj", "{DA1B88A5-CBB6-4A9F-874F-3E07EF76DF59}"
EndProject
Project("{FAE04EC0-301F-11D3-BF4B-00C04F79EFBC}") = "Exercise04", "src\Chapter 02\Exercise04\Exercise04.csproj", "{6D856090-B675-420F-8EBE-20E25AE5806A}"
EndProject
Project("{FAE04EC0-301F-11D3-BF4B-00C04F79EFBC}") = "Exercise03", "src\Chapter 02\Exercise03\Exercise03.csproj", "{6DD25588-1915-4CC1-BD4F-371356664C11}"
EndProject
Project("{FAE04EC0-301F-11D3-BF4B-00C04F79EFBC}") = "Exercise05", "src\Chapter 02\Exercise05\Exercise05.csproj", "{8E40485C-154E-4605-8610-4C9F64222F41}"
EndProject
Project("{FAE04EC0-301F-11D3-BF4B-00C04F79EFBC}") = "Exercise06", "src\Chapter 02\Exercise06\Exercise06.csproj", "{D55FE4E0-492A-412E-9D27-4568771D5F0C}"
EndProject
Project("{FAE04EC0-301F-11D3-BF4B-00C04F79EFBC}") = "Exercise07", "src\Chapter 02\Exercise07\Exercise07.csproj", "{01F1851B-6672-4F53-882A-5ACDD5F93675}"
EndProject
Project("{FAE04EC0-301F-11D3-BF4B-00C04F79EFBC}") = "Exercise08", "src\Chapter 02\Exercise08\Exercise08.csproj", "{3B9542F2-DCBD-4554-BA45-BF0A7CD04E2E}"
EndProject
Project("{FAE04EC0-301F-11D3-BF4B-00C04F79EFBC}") = "Exercise09", "src\Chapter 02\Exercise09\Exercise09.csproj", "{FDB7A92E-8CE5-4684-AD0F-957EA8C843F6}"
EndProject
Project("{FAE04EC0-301F-11D3-BF4B-00C04F79EFBC}") = "Exercise10", "src\Chapter 02\Exercise10\Exercise10.csproj", "{8ED59DF2-5FBB-49FA-8025-DEAE8AA99D70}"
EndProject
Project("{FAE04EC0-301F-11D3-BF4B-00C04F79EFBC}") = "Exercise11", "src\Chapter 02\Exercise11\Exercise11.csproj", "{F87A80F5-B29A-4249-AAF2-A40724BB2CA3}"
EndProject
Project("{FAE04EC0-301F-11D3-BF4B-00C04F79EFBC}") = "Exercise12", "src\Chapter 02\Exercise12\Exercise12.csproj", "{0733B522-3686-4D75-AB74-875751B3481C}"
EndProject
Project("{FAE04EC0-301F-11D3-BF4B-00C04F79EFBC}") = "Exercise13", "src\Chapter 02\Exercise13\Exercise13.csproj", "{5CDCD0FD-5A69-4ABA-BC64-645355633BA3}"
EndProject
Project("{FAE04EC0-301F-11D3-BF4B-00C04F79EFBC}") = "Exercise14", "src\Chapter 02\Exercise14\Exercise14.csproj", "{88E0ED6B-8427-4F25-A9CD-D42EA7ECA095}"
EndProject
Project("{FAE04EC0-301F-11D3-BF4B-00C04F79EFBC}") = "Exercise15", "src\Chapter 02\Exercise15\Exercise15.csproj", "{C498DBFF-51E2-4E12-AEBC-8664434A0959}"
EndProject
Project("{FAE04EC0-301F-11D3-BF4B-00C04F79EFBC}") = "Exercise16", "src\Chapter 02\Exercise16\Exercise16.csproj", "{7F2993F8-4CC7-4B1E-923A-31F3F9AD0A65}"
EndProject
Project("{FAE04EC0-301F-11D3-BF4B-00C04F79EFBC}") = "Exercise17", "src\Chapter 02\Exercise17\Exercise17.csproj", "{0767B7AF-C8C9-4D45-A0F4-5DC89BA35459}"
EndProject
Project("{FAE04EC0-301F-11D3-BF4B-00C04F79EFBC}") = "Exercise18", "src\Chapter 02\Exercise18\Exercise18.csproj", "{67DB4CC5-0DD3-4170-A9DB-B32FC45F36AB}"
EndProject
Project("{FAE04EC0-301F-11D3-BF4B-00C04F79EFBC}") = "Exercise19", "src\Chapter 02\Exercise19\Exercise19.csproj", "{7C5B3FDF-2E7C-4B64-8F0B-BCC181C2892B}"
EndProject
Project("{FAE04EC0-301F-11D3-BF4B-00C04F79EFBC}") = "Exercise20", "src\Chapter 02\Exercise20\Exercise20.csproj", "{9466DCD7-DDF3-4243-B894-6E45BA75C6B2}"
EndProject
Global
	GlobalSection(SolutionConfigurationPlatforms) = preSolution
		Debug|Any CPU = Debug|Any CPU
		Release|Any CPU = Release|Any CPU
	EndGlobalSection
	GlobalSection(ProjectConfigurationPlatforms) = postSolution
		{2F73E080-97E0-45A5-9D04-27C9D49AD470}.Debug|Any CPU.ActiveCfg = Debug|Any CPU
		{2F73E080-97E0-45A5-9D04-27C9D49AD470}.Debug|Any CPU.Build.0 = Debug|Any CPU
		{2F73E080-97E0-45A5-9D04-27C9D49AD470}.Release|Any CPU.ActiveCfg = Release|Any CPU
		{2F73E080-97E0-45A5-9D04-27C9D49AD470}.Release|Any CPU.Build.0 = Release|Any CPU
		{80858364-8428-41F1-97AF-8FD625BE5313}.Debug|Any CPU.ActiveCfg = Debug|Any CPU
		{80858364-8428-41F1-97AF-8FD625BE5313}.Debug|Any CPU.Build.0 = Debug|Any CPU
		{80858364-8428-41F1-97AF-8FD625BE5313}.Release|Any CPU.ActiveCfg = Release|Any CPU
		{80858364-8428-41F1-97AF-8FD625BE5313}.Release|Any CPU.Build.0 = Release|Any CPU
		{1B5EB2C1-88CE-4B07-AA6C-521119692B2E}.Debug|Any CPU.ActiveCfg = Debug|Any CPU
		{1B5EB2C1-88CE-4B07-AA6C-521119692B2E}.Debug|Any CPU.Build.0 = Debug|Any CPU
		{1B5EB2C1-88CE-4B07-AA6C-521119692B2E}.Release|Any CPU.ActiveCfg = Release|Any CPU
		{1B5EB2C1-88CE-4B07-AA6C-521119692B2E}.Release|Any CPU.Build.0 = Release|Any CPU
		{CD64CCAF-1B7B-4019-9FB9-46AD417E86E5}.Debug|Any CPU.ActiveCfg = Debug|Any CPU
		{CD64CCAF-1B7B-4019-9FB9-46AD417E86E5}.Debug|Any CPU.Build.0 = Debug|Any CPU
		{CD64CCAF-1B7B-4019-9FB9-46AD417E86E5}.Release|Any CPU.ActiveCfg = Release|Any CPU
		{CD64CCAF-1B7B-4019-9FB9-46AD417E86E5}.Release|Any CPU.Build.0 = Release|Any CPU
		{DDEC62DC-19DA-49D2-8CEE-A54C358061A0}.Debug|Any CPU.ActiveCfg = Debug|Any CPU
		{DDEC62DC-19DA-49D2-8CEE-A54C358061A0}.Debug|Any CPU.Build.0 = Debug|Any CPU
		{DDEC62DC-19DA-49D2-8CEE-A54C358061A0}.Release|Any CPU.ActiveCfg = Release|Any CPU
		{DDEC62DC-19DA-49D2-8CEE-A54C358061A0}.Release|Any CPU.Build.0 = Release|Any CPU
		{8F9D8347-5A99-4929-90E4-268F417C0477}.Debug|Any CPU.ActiveCfg = Debug|Any CPU
		{8F9D8347-5A99-4929-90E4-268F417C0477}.Debug|Any CPU.Build.0 = Debug|Any CPU
		{8F9D8347-5A99-4929-90E4-268F417C0477}.Release|Any CPU.ActiveCfg = Release|Any CPU
		{8F9D8347-5A99-4929-90E4-268F417C0477}.Release|Any CPU.Build.0 = Release|Any CPU
		{C73E999E-ACFB-4A67-9DEC-3E708BB48D5D}.Debug|Any CPU.ActiveCfg = Debug|Any CPU
		{C73E999E-ACFB-4A67-9DEC-3E708BB48D5D}.Debug|Any CPU.Build.0 = Debug|Any CPU
		{C73E999E-ACFB-4A67-9DEC-3E708BB48D5D}.Release|Any CPU.ActiveCfg = Release|Any CPU
		{C73E999E-ACFB-4A67-9DEC-3E708BB48D5D}.Release|Any CPU.Build.0 = Release|Any CPU
		{DB9A6DF5-7FEB-4A3F-BD03-83B5036ECC4F}.Debug|Any CPU.ActiveCfg = Debug|Any CPU
		{DB9A6DF5-7FEB-4A3F-BD03-83B5036ECC4F}.Debug|Any CPU.Build.0 = Debug|Any CPU
		{DB9A6DF5-7FEB-4A3F-BD03-83B5036ECC4F}.Release|Any CPU.ActiveCfg = Release|Any CPU
		{DB9A6DF5-7FEB-4A3F-BD03-83B5036ECC4F}.Release|Any CPU.Build.0 = Release|Any CPU
		{C7044088-3EA2-4B4D-AC26-60DA0531F5B2}.Debug|Any CPU.ActiveCfg = Debug|Any CPU
		{C7044088-3EA2-4B4D-AC26-60DA0531F5B2}.Debug|Any CPU.Build.0 = Debug|Any CPU
		{C7044088-3EA2-4B4D-AC26-60DA0531F5B2}.Release|Any CPU.ActiveCfg = Release|Any CPU
		{C7044088-3EA2-4B4D-AC26-60DA0531F5B2}.Release|Any CPU.Build.0 = Release|Any CPU
		{93319352-3718-4568-B3D3-41FC4108C914}.Debug|Any CPU.ActiveCfg = Debug|Any CPU
		{93319352-3718-4568-B3D3-41FC4108C914}.Debug|Any CPU.Build.0 = Debug|Any CPU
		{93319352-3718-4568-B3D3-41FC4108C914}.Release|Any CPU.ActiveCfg = Release|Any CPU
		{93319352-3718-4568-B3D3-41FC4108C914}.Release|Any CPU.Build.0 = Release|Any CPU
		{75AE5DE6-B9D9-4BFA-A563-BA3CA9EB4C68}.Debug|Any CPU.ActiveCfg = Debug|Any CPU
		{75AE5DE6-B9D9-4BFA-A563-BA3CA9EB4C68}.Debug|Any CPU.Build.0 = Debug|Any CPU
		{75AE5DE6-B9D9-4BFA-A563-BA3CA9EB4C68}.Release|Any CPU.ActiveCfg = Release|Any CPU
		{75AE5DE6-B9D9-4BFA-A563-BA3CA9EB4C68}.Release|Any CPU.Build.0 = Release|Any CPU
		{E65B301F-A766-4931-BB23-18F8ED962C86}.Debug|Any CPU.ActiveCfg = Debug|Any CPU
		{E65B301F-A766-4931-BB23-18F8ED962C86}.Debug|Any CPU.Build.0 = Debug|Any CPU
		{E65B301F-A766-4931-BB23-18F8ED962C86}.Release|Any CPU.ActiveCfg = Release|Any CPU
		{E65B301F-A766-4931-BB23-18F8ED962C86}.Release|Any CPU.Build.0 = Release|Any CPU
		{481C4CFC-1E9F-47D7-B20B-5F265327F6D6}.Debug|Any CPU.ActiveCfg = Debug|Any CPU
		{481C4CFC-1E9F-47D7-B20B-5F265327F6D6}.Debug|Any CPU.Build.0 = Debug|Any CPU
		{481C4CFC-1E9F-47D7-B20B-5F265327F6D6}.Release|Any CPU.ActiveCfg = Release|Any CPU
		{481C4CFC-1E9F-47D7-B20B-5F265327F6D6}.Release|Any CPU.Build.0 = Release|Any CPU
		{C7D7B9EB-4F29-49EF-A82B-9F9622CE0825}.Debug|Any CPU.ActiveCfg = Debug|Any CPU
		{C7D7B9EB-4F29-49EF-A82B-9F9622CE0825}.Debug|Any CPU.Build.0 = Debug|Any CPU
		{C7D7B9EB-4F29-49EF-A82B-9F9622CE0825}.Release|Any CPU.ActiveCfg = Release|Any CPU
		{C7D7B9EB-4F29-49EF-A82B-9F9622CE0825}.Release|Any CPU.Build.0 = Release|Any CPU
		{DA1B88A5-CBB6-4A9F-874F-3E07EF76DF59}.Debug|Any CPU.ActiveCfg = Debug|Any CPU
		{DA1B88A5-CBB6-4A9F-874F-3E07EF76DF59}.Debug|Any CPU.Build.0 = Debug|Any CPU
		{DA1B88A5-CBB6-4A9F-874F-3E07EF76DF59}.Release|Any CPU.ActiveCfg = Release|Any CPU
		{DA1B88A5-CBB6-4A9F-874F-3E07EF76DF59}.Release|Any CPU.Build.0 = Release|Any CPU
		{6D856090-B675-420F-8EBE-20E25AE5806A}.Debug|Any CPU.ActiveCfg = Debug|Any CPU
		{6D856090-B675-420F-8EBE-20E25AE5806A}.Debug|Any CPU.Build.0 = Debug|Any CPU
		{6D856090-B675-420F-8EBE-20E25AE5806A}.Release|Any CPU.ActiveCfg = Release|Any CPU
		{6D856090-B675-420F-8EBE-20E25AE5806A}.Release|Any CPU.Build.0 = Release|Any CPU
		{6DD25588-1915-4CC1-BD4F-371356664C11}.Debug|Any CPU.ActiveCfg = Debug|Any CPU
		{6DD25588-1915-4CC1-BD4F-371356664C11}.Debug|Any CPU.Build.0 = Debug|Any CPU
		{6DD25588-1915-4CC1-BD4F-371356664C11}.Release|Any CPU.ActiveCfg = Release|Any CPU
		{6DD25588-1915-4CC1-BD4F-371356664C11}.Release|Any CPU.Build.0 = Release|Any CPU
		{8E40485C-154E-4605-8610-4C9F64222F41}.Debug|Any CPU.ActiveCfg = Debug|Any CPU
		{8E40485C-154E-4605-8610-4C9F64222F41}.Debug|Any CPU.Build.0 = Debug|Any CPU
		{8E40485C-154E-4605-8610-4C9F64222F41}.Release|Any CPU.ActiveCfg = Release|Any CPU
		{8E40485C-154E-4605-8610-4C9F64222F41}.Release|Any CPU.Build.0 = Release|Any CPU
		{D55FE4E0-492A-412E-9D27-4568771D5F0C}.Debug|Any CPU.ActiveCfg = Debug|Any CPU
		{D55FE4E0-492A-412E-9D27-4568771D5F0C}.Debug|Any CPU.Build.0 = Debug|Any CPU
		{D55FE4E0-492A-412E-9D27-4568771D5F0C}.Release|Any CPU.ActiveCfg = Release|Any CPU
		{D55FE4E0-492A-412E-9D27-4568771D5F0C}.Release|Any CPU.Build.0 = Release|Any CPU
		{01F1851B-6672-4F53-882A-5ACDD5F93675}.Debug|Any CPU.ActiveCfg = Debug|Any CPU
		{01F1851B-6672-4F53-882A-5ACDD5F93675}.Debug|Any CPU.Build.0 = Debug|Any CPU
		{01F1851B-6672-4F53-882A-5ACDD5F93675}.Release|Any CPU.ActiveCfg = Release|Any CPU
		{01F1851B-6672-4F53-882A-5ACDD5F93675}.Release|Any CPU.Build.0 = Release|Any CPU
		{3B9542F2-DCBD-4554-BA45-BF0A7CD04E2E}.Debug|Any CPU.ActiveCfg = Debug|Any CPU
		{3B9542F2-DCBD-4554-BA45-BF0A7CD04E2E}.Debug|Any CPU.Build.0 = Debug|Any CPU
		{3B9542F2-DCBD-4554-BA45-BF0A7CD04E2E}.Release|Any CPU.ActiveCfg = Release|Any CPU
		{3B9542F2-DCBD-4554-BA45-BF0A7CD04E2E}.Release|Any CPU.Build.0 = Release|Any CPU
		{FDB7A92E-8CE5-4684-AD0F-957EA8C843F6}.Debug|Any CPU.ActiveCfg = Debug|Any CPU
		{FDB7A92E-8CE5-4684-AD0F-957EA8C843F6}.Debug|Any CPU.Build.0 = Debug|Any CPU
		{FDB7A92E-8CE5-4684-AD0F-957EA8C843F6}.Release|Any CPU.ActiveCfg = Release|Any CPU
		{FDB7A92E-8CE5-4684-AD0F-957EA8C843F6}.Release|Any CPU.Build.0 = Release|Any CPU
		{8ED59DF2-5FBB-49FA-8025-DEAE8AA99D70}.Debug|Any CPU.ActiveCfg = Debug|Any CPU
		{8ED59DF2-5FBB-49FA-8025-DEAE8AA99D70}.Debug|Any CPU.Build.0 = Debug|Any CPU
		{8ED59DF2-5FBB-49FA-8025-DEAE8AA99D70}.Release|Any CPU.ActiveCfg = Release|Any CPU
		{8ED59DF2-5FBB-49FA-8025-DEAE8AA99D70}.Release|Any CPU.Build.0 = Release|Any CPU
		{F87A80F5-B29A-4249-AAF2-A40724BB2CA3}.Debug|Any CPU.ActiveCfg = Debug|Any CPU
		{F87A80F5-B29A-4249-AAF2-A40724BB2CA3}.Debug|Any CPU.Build.0 = Debug|Any CPU
		{F87A80F5-B29A-4249-AAF2-A40724BB2CA3}.Release|Any CPU.ActiveCfg = Release|Any CPU
		{F87A80F5-B29A-4249-AAF2-A40724BB2CA3}.Release|Any CPU.Build.0 = Release|Any CPU
		{0733B522-3686-4D75-AB74-875751B3481C}.Debug|Any CPU.ActiveCfg = Debug|Any CPU
		{0733B522-3686-4D75-AB74-875751B3481C}.Debug|Any CPU.Build.0 = Debug|Any CPU
		{0733B522-3686-4D75-AB74-875751B3481C}.Release|Any CPU.ActiveCfg = Release|Any CPU
		{0733B522-3686-4D75-AB74-875751B3481C}.Release|Any CPU.Build.0 = Release|Any CPU
		{5CDCD0FD-5A69-4ABA-BC64-645355633BA3}.Debug|Any CPU.ActiveCfg = Debug|Any CPU
		{5CDCD0FD-5A69-4ABA-BC64-645355633BA3}.Debug|Any CPU.Build.0 = Debug|Any CPU
		{5CDCD0FD-5A69-4ABA-BC64-645355633BA3}.Release|Any CPU.ActiveCfg = Release|Any CPU
		{5CDCD0FD-5A69-4ABA-BC64-645355633BA3}.Release|Any CPU.Build.0 = Release|Any CPU
		{88E0ED6B-8427-4F25-A9CD-D42EA7ECA095}.Debug|Any CPU.ActiveCfg = Debug|Any CPU
		{88E0ED6B-8427-4F25-A9CD-D42EA7ECA095}.Debug|Any CPU.Build.0 = Debug|Any CPU
		{88E0ED6B-8427-4F25-A9CD-D42EA7ECA095}.Release|Any CPU.ActiveCfg = Release|Any CPU
		{88E0ED6B-8427-4F25-A9CD-D42EA7ECA095}.Release|Any CPU.Build.0 = Release|Any CPU
		{C498DBFF-51E2-4E12-AEBC-8664434A0959}.Debug|Any CPU.ActiveCfg = Debug|Any CPU
		{C498DBFF-51E2-4E12-AEBC-8664434A0959}.Debug|Any CPU.Build.0 = Debug|Any CPU
		{C498DBFF-51E2-4E12-AEBC-8664434A0959}.Release|Any CPU.ActiveCfg = Release|Any CPU
		{C498DBFF-51E2-4E12-AEBC-8664434A0959}.Release|Any CPU.Build.0 = Release|Any CPU
		{7F2993F8-4CC7-4B1E-923A-31F3F9AD0A65}.Debug|Any CPU.ActiveCfg = Debug|Any CPU
		{7F2993F8-4CC7-4B1E-923A-31F3F9AD0A65}.Debug|Any CPU.Build.0 = Debug|Any CPU
		{7F2993F8-4CC7-4B1E-923A-31F3F9AD0A65}.Release|Any CPU.ActiveCfg = Release|Any CPU
		{7F2993F8-4CC7-4B1E-923A-31F3F9AD0A65}.Release|Any CPU.Build.0 = Release|Any CPU
		{0767B7AF-C8C9-4D45-A0F4-5DC89BA35459}.Debug|Any CPU.ActiveCfg = Debug|Any CPU
		{0767B7AF-C8C9-4D45-A0F4-5DC89BA35459}.Debug|Any CPU.Build.0 = Debug|Any CPU
		{0767B7AF-C8C9-4D45-A0F4-5DC89BA35459}.Release|Any CPU.ActiveCfg = Release|Any CPU
		{0767B7AF-C8C9-4D45-A0F4-5DC89BA35459}.Release|Any CPU.Build.0 = Release|Any CPU
		{67DB4CC5-0DD3-4170-A9DB-B32FC45F36AB}.Debug|Any CPU.ActiveCfg = Debug|Any CPU
		{67DB4CC5-0DD3-4170-A9DB-B32FC45F36AB}.Debug|Any CPU.Build.0 = Debug|Any CPU
		{67DB4CC5-0DD3-4170-A9DB-B32FC45F36AB}.Release|Any CPU.ActiveCfg = Release|Any CPU
		{67DB4CC5-0DD3-4170-A9DB-B32FC45F36AB}.Release|Any CPU.Build.0 = Release|Any CPU
		{7C5B3FDF-2E7C-4B64-8F0B-BCC181C2892B}.Debug|Any CPU.ActiveCfg = Debug|Any CPU
		{7C5B3FDF-2E7C-4B64-8F0B-BCC181C2892B}.Debug|Any CPU.Build.0 = Debug|Any CPU
		{7C5B3FDF-2E7C-4B64-8F0B-BCC181C2892B}.Release|Any CPU.ActiveCfg = Release|Any CPU
		{7C5B3FDF-2E7C-4B64-8F0B-BCC181C2892B}.Release|Any CPU.Build.0 = Release|Any CPU
		{9466DCD7-DDF3-4243-B894-6E45BA75C6B2}.Debug|Any CPU.ActiveCfg = Debug|Any CPU
		{9466DCD7-DDF3-4243-B894-6E45BA75C6B2}.Debug|Any CPU.Build.0 = Debug|Any CPU
		{9466DCD7-DDF3-4243-B894-6E45BA75C6B2}.Release|Any CPU.ActiveCfg = Release|Any CPU
		{9466DCD7-DDF3-4243-B894-6E45BA75C6B2}.Release|Any CPU.Build.0 = Release|Any CPU
	EndGlobalSection
	GlobalSection(NestedProjects) = preSolution
		{2F73E080-97E0-45A5-9D04-27C9D49AD470} = {3066765E-BA3B-4675-9181-3B0C3A5D1A47}
		{80858364-8428-41F1-97AF-8FD625BE5313} = {3066765E-BA3B-4675-9181-3B0C3A5D1A47}
		{1B5EB2C1-88CE-4B07-AA6C-521119692B2E} = {3066765E-BA3B-4675-9181-3B0C3A5D1A47}
		{CD64CCAF-1B7B-4019-9FB9-46AD417E86E5} = {3066765E-BA3B-4675-9181-3B0C3A5D1A47}
		{DDEC62DC-19DA-49D2-8CEE-A54C358061A0} = {3066765E-BA3B-4675-9181-3B0C3A5D1A47}
		{8F9D8347-5A99-4929-90E4-268F417C0477} = {3066765E-BA3B-4675-9181-3B0C3A5D1A47}
		{C73E999E-ACFB-4A67-9DEC-3E708BB48D5D} = {3066765E-BA3B-4675-9181-3B0C3A5D1A47}
		{DB9A6DF5-7FEB-4A3F-BD03-83B5036ECC4F} = {3066765E-BA3B-4675-9181-3B0C3A5D1A47}
		{C7044088-3EA2-4B4D-AC26-60DA0531F5B2} = {3066765E-BA3B-4675-9181-3B0C3A5D1A47}
		{93319352-3718-4568-B3D3-41FC4108C914} = {3066765E-BA3B-4675-9181-3B0C3A5D1A47}
		{75AE5DE6-B9D9-4BFA-A563-BA3CA9EB4C68} = {3066765E-BA3B-4675-9181-3B0C3A5D1A47}
		{E65B301F-A766-4931-BB23-18F8ED962C86} = {3066765E-BA3B-4675-9181-3B0C3A5D1A47}
		{481C4CFC-1E9F-47D7-B20B-5F265327F6D6} = {3066765E-BA3B-4675-9181-3B0C3A5D1A47}
		{C7D7B9EB-4F29-49EF-A82B-9F9622CE0825} = {98B35956-D199-454C-AAFB-01DA7A40E975}
		{DA1B88A5-CBB6-4A9F-874F-3E07EF76DF59} = {98B35956-D199-454C-AAFB-01DA7A40E975}
		{6D856090-B675-420F-8EBE-20E25AE5806A} = {98B35956-D199-454C-AAFB-01DA7A40E975}
		{6DD25588-1915-4CC1-BD4F-371356664C11} = {98B35956-D199-454C-AAFB-01DA7A40E975}
		{8E40485C-154E-4605-8610-4C9F64222F41} = {98B35956-D199-454C-AAFB-01DA7A40E975}
		{D55FE4E0-492A-412E-9D27-4568771D5F0C} = {98B35956-D199-454C-AAFB-01DA7A40E975}
		{01F1851B-6672-4F53-882A-5ACDD5F93675} = {98B35956-D199-454C-AAFB-01DA7A40E975}
		{3B9542F2-DCBD-4554-BA45-BF0A7CD04E2E} = {98B35956-D199-454C-AAFB-01DA7A40E975}
		{FDB7A92E-8CE5-4684-AD0F-957EA8C843F6} = {98B35956-D199-454C-AAFB-01DA7A40E975}
		{8ED59DF2-5FBB-49FA-8025-DEAE8AA99D70} = {98B35956-D199-454C-AAFB-01DA7A40E975}
		{F87A80F5-B29A-4249-AAF2-A40724BB2CA3} = {98B35956-D199-454C-AAFB-01DA7A40E975}
		{0733B522-3686-4D75-AB74-875751B3481C} = {98B35956-D199-454C-AAFB-01DA7A40E975}
		{5CDCD0FD-5A69-4ABA-BC64-645355633BA3} = {98B35956-D199-454C-AAFB-01DA7A40E975}
		{88E0ED6B-8427-4F25-A9CD-D42EA7ECA095} = {98B35956-D199-454C-AAFB-01DA7A40E975}
		{C498DBFF-51E2-4E12-AEBC-8664434A0959} = {98B35956-D199-454C-AAFB-01DA7A40E975}
		{7F2993F8-4CC7-4B1E-923A-31F3F9AD0A65} = {98B35956-D199-454C-AAFB-01DA7A40E975}
		{0767B7AF-C8C9-4D45-A0F4-5DC89BA35459} = {98B35956-D199-454C-AAFB-01DA7A40E975}
		{67DB4CC5-0DD3-4170-A9DB-B32FC45F36AB} = {98B35956-D199-454C-AAFB-01DA7A40E975}
		{7C5B3FDF-2E7C-4B64-8F0B-BCC181C2892B} = {98B35956-D199-454C-AAFB-01DA7A40E975}
		{9466DCD7-DDF3-4243-B894-6E45BA75C6B2} = {98B35956-D199-454C-AAFB-01DA7A40E975}
	EndGlobalSection
EndGlobal
