
Microsoft Visual Studio Solution File, Format Version 12.00
Project("{2150E333-8FDC-42A3-9474-1A3956D46DE8}") = "Chapter01", "Chapter01", "{3066765E-BA3B-4675-9181-3B0C3A5D1A47}"
EndProject
Project("{2150E333-8FDC-42A3-9474-1A3956D46DE8}") = "Chapter02", "Chapter02", "{98B35956-D199-454C-AAFB-01DA7A40E975}"
EndProject
Project("{FAE04EC0-301F-11D3-BF4B-00C04F79EFBC}") = "Exercise01", "src\Chapter 01\Exercise01\Exercise01.csproj", "{2F73E080-97E0-45A5-9D04-27C9D49AD470}"
EndProject
Project("{FAE04EC0-301F-11D3-BF4B-00C04F79EFBC}") = "Exercise02", "src\Chapter 01\Exercise02\Exercise02.csproj", "{80858364-8428-41F1-97AF-8FD625BE5313}"
EndProject
Project("{FAE04EC0-301F-11D3-BF4B-00C04F79EFBC}") = "Exercise03", "src\Chapter 01\Exercise03\Exercise03.csproj", "{1B5EB2C1-88CE-4B07-AA6C-521119692B2E}"
EndProject
Project("{FAE04EC0-301F-11D3-BF4B-00C04F79EFBC}") = "Exercise04", "src\Chapter 01\Exercise04\Exercise04.csproj", "{CD64CCAF-1B7B-4019-9FB9-46AD417E86E5}"
EndProject
Project("{FAE04EC0-301F-11D3-BF4B-00C04F79EFBC}") = "Exercise05", "src\Chapter 01\Exercise05\Exercise05.csproj", "{DDEC62DC-19DA-49D2-8CEE-A54C358061A0}"
EndProject
Project("{FAE04EC0-301F-11D3-BF4B-00C04F79EFBC}") = "Exercise06", "src\Chapter 01\Exercise06\Exercise06.csproj", "{8F9D8347-5A99-4929-90E4-268F417C0477}"
EndProject
Project("{FAE04EC0-301F-11D3-BF4B-00C04F79EFBC}") = "Exercise07", "src\Chapter 01\Exercise07\Exercise07.csproj", "{C73E999E-ACFB-4A67-9DEC-3E708BB48D5D}"
EndProject
Project("{FAE04EC0-301F-11D3-BF4B-00C04F79EFBC}") = "Exercise08", "src\Chapter 01\Exercise08\Exercise08.csproj", "{DB9A6DF5-7FEB-4A3F-BD03-83B5036ECC4F}"
EndProject
Project("{FAE04EC0-301F-11D3-BF4B-00C04F79EFBC}") = "Exercise09", "src\Chapter 01\Exercise09\Exercise09.csproj", "{C7044088-3EA2-4B4D-AC26-60DA0531F5B2}"
EndProject
Project("{FAE04EC0-301F-11D3-BF4B-00C04F79EFBC}") = "Exercise10", "src\Chapter 01\Exercise10\Exercise10.csproj", "{93319352-3718-4568-B3D3-41FC4108C914}"
EndProject
Project("{FAE04EC0-301F-11D3-BF4B-00C04F79EFBC}") = "Exercise11", "src\Chapter 01\Exercise11\Exercise11.csproj", "{75AE5DE6-B9D9-4BFA-A563-BA3CA9EB4C68}"
EndProject
Project("{FAE04EC0-301F-11D3-BF4B-00C04F79EFBC}") = "Exercise12", "src\Chapter 01\Exercise12\Exercise12.csproj", "{E65B301F-A766-4931-BB23-18F8ED962C86}"
EndProject
Project("{FAE04EC0-301F-11D3-BF4B-00C04F79EFBC}") = "Exercise13", "src\Chapter 01\Exercise13\Exercise13.csproj", "{481C4CFC-1E9F-47D7-B20B-5F265327F6D6}"
EndProject
Project("{FAE04EC0-301F-11D3-BF4B-00C04F79EFBC}") = "Exercise01", "src\Chapter 02\Exercise01\Exercise01.csproj", "{ADE46D96-0E8C-4665-87EC-7B869015BF90}"
EndProject
Project("{FAE04EC0-301F-11D3-BF4B-00C04F79EFBC}") = "Exercise02", "src\Chapter 02\Exercise02\Exercise02.csproj", "{8387ACED-D768-4244-92C9-1DF11A3499EA}"
EndProject
Project("{FAE04EC0-301F-11D3-BF4B-00C04F79EFBC}") = "Exercise03", "src\Chapter 02\Exercise03\Exercise03.csproj", "{82FDD43C-F34B-4A47-A508-FE2FCA86CF93}"
EndProject
Project("{FAE04EC0-301F-11D3-BF4B-00C04F79EFBC}") = "Exercise04", "src\Chapter 02\Exercise04\Exercise04.csproj", "{10DE01D5-0D75-4229-8C60-2A6933E1BE26}"
EndProject
Project("{FAE04EC0-301F-11D3-BF4B-00C04F79EFBC}") = "Exercise05", "src\Chapter 02\Exercise05\Exercise05.csproj", "{4C070135-8CB6-427B-B01A-807E4773FCCD}"
EndProject
Project("{FAE04EC0-301F-11D3-BF4B-00C04F79EFBC}") = "Exercise06", "src\Chapter 02\Exercise06\Exercise06.csproj", "{F037FCDD-1DB2-4373-B520-310CEF20732B}"
EndProject
Project("{FAE04EC0-301F-11D3-BF4B-00C04F79EFBC}") = "Exercise07", "src\Chapter 02\Exercise07\Exercise07.csproj", "{6918C7EE-191B-499C-A6FB-5ADAB1938F5E}"
EndProject
Project("{FAE04EC0-301F-11D3-BF4B-00C04F79EFBC}") = "Exercise08", "src\Chapter 02\Exercise08\Exercise08.csproj", "{68242CE5-D30B-475C-8F19-8368B4D034C4}"
EndProject
Project("{FAE04EC0-301F-11D3-BF4B-00C04F79EFBC}") = "Exercise09", "src\Chapter 02\Exercise09\Exercise09.csproj", "{23B1F3F2-9D83-4199-B9B5-9550DAC818B1}"
EndProject
Project("{FAE04EC0-301F-11D3-BF4B-00C04F79EFBC}") = "Exercise10", "src\Chapter 02\Exercise10\Exercise10.csproj", "{18A96313-FF5E-4386-ADD4-05874F5BFC4A}"
EndProject
Project("{FAE04EC0-301F-11D3-BF4B-00C04F79EFBC}") = "Exercise11", "src\Chapter 02\Exercise11\Exercise11.csproj", "{7C004D86-8D6E-490A-9091-C5C7EC2CB22F}"
EndProject
Project("{FAE04EC0-301F-11D3-BF4B-00C04F79EFBC}") = "Exercise12", "src\Chapter 02\Exercise12\Exercise12.csproj", "{FA7F471A-CFDF-4677-87A6-57C10922971F}"
EndProject
Project("{FAE04EC0-301F-11D3-BF4B-00C04F79EFBC}") = "Exercise13", "src\Chapter 02\Exercise13\Exercise13.csproj", "{CC50D902-7E31-4C29-A8D8-369F18C20932}"
EndProject
Project("{FAE04EC0-301F-11D3-BF4B-00C04F79EFBC}") = "Exercise14", "src\Chapter 02\Exercise14\Exercise14.csproj", "{D106CD00-50C7-4397-AC3B-C5C736D208B6}"
EndProject
Project("{FAE04EC0-301F-11D3-BF4B-00C04F79EFBC}") = "Exercise15", "src\Chapter 02\Exercise15\Exercise15.csproj", "{C587F1FB-A5CC-42C2-9BB3-6BF74BBBB82A}"
EndProject
Project("{FAE04EC0-301F-11D3-BF4B-00C04F79EFBC}") = "Exercise16", "src\Chapter 02\Exercise16\Exercise16.csproj", "{87FBAFA4-0289-4E6F-A190-B81B07EFF033}"
EndProject
Project("{FAE04EC0-301F-11D3-BF4B-00C04F79EFBC}") = "Exercise17", "src\Chapter 02\Exercise17\Exercise17.csproj", "{7D4BBD32-A9D8-4CBA-93E4-677F212EAECA}"
EndProject
Project("{FAE04EC0-301F-11D3-BF4B-00C04F79EFBC}") = "Exercise18", "src\Chapter 02\Exercise18\Exercise18.csproj", "{B5DD02C5-5F3A-40AA-9D18-E48B7ABB57F9}"
EndProject
Global
	GlobalSection(SolutionConfigurationPlatforms) = preSolution
		Debug|Any CPU = Debug|Any CPU
		Release|Any CPU = Release|Any CPU
	EndGlobalSection
	GlobalSection(ProjectConfigurationPlatforms) = postSolution
		{2F73E080-97E0-45A5-9D04-27C9D49AD470}.Debug|Any CPU.ActiveCfg = Debug|Any CPU
		{2F73E080-97E0-45A5-9D04-27C9D49AD470}.Debug|Any CPU.Build.0 = Debug|Any CPU
		{2F73E080-97E0-45A5-9D04-27C9D49AD470}.Release|Any CPU.ActiveCfg = Release|Any CPU
		{2F73E080-97E0-45A5-9D04-27C9D49AD470}.Release|Any CPU.Build.0 = Release|Any CPU
		{80858364-8428-41F1-97AF-8FD625BE5313}.Debug|Any CPU.ActiveCfg = Debug|Any CPU
		{80858364-8428-41F1-97AF-8FD625BE5313}.Debug|Any CPU.Build.0 = Debug|Any CPU
		{80858364-8428-41F1-97AF-8FD625BE5313}.Release|Any CPU.ActiveCfg = Release|Any CPU
		{80858364-8428-41F1-97AF-8FD625BE5313}.Release|Any CPU.Build.0 = Release|Any CPU
		{1B5EB2C1-88CE-4B07-AA6C-521119692B2E}.Debug|Any CPU.ActiveCfg = Debug|Any CPU
		{1B5EB2C1-88CE-4B07-AA6C-521119692B2E}.Debug|Any CPU.Build.0 = Debug|Any CPU
		{1B5EB2C1-88CE-4B07-AA6C-521119692B2E}.Release|Any CPU.ActiveCfg = Release|Any CPU
		{1B5EB2C1-88CE-4B07-AA6C-521119692B2E}.Release|Any CPU.Build.0 = Release|Any CPU
		{CD64CCAF-1B7B-4019-9FB9-46AD417E86E5}.Debug|Any CPU.ActiveCfg = Debug|Any CPU
		{CD64CCAF-1B7B-4019-9FB9-46AD417E86E5}.Debug|Any CPU.Build.0 = Debug|Any CPU
		{CD64CCAF-1B7B-4019-9FB9-46AD417E86E5}.Release|Any CPU.ActiveCfg = Release|Any CPU
		{CD64CCAF-1B7B-4019-9FB9-46AD417E86E5}.Release|Any CPU.Build.0 = Release|Any CPU
		{DDEC62DC-19DA-49D2-8CEE-A54C358061A0}.Debug|Any CPU.ActiveCfg = Debug|Any CPU
		{DDEC62DC-19DA-49D2-8CEE-A54C358061A0}.Debug|Any CPU.Build.0 = Debug|Any CPU
		{DDEC62DC-19DA-49D2-8CEE-A54C358061A0}.Release|Any CPU.ActiveCfg = Release|Any CPU
		{DDEC62DC-19DA-49D2-8CEE-A54C358061A0}.Release|Any CPU.Build.0 = Release|Any CPU
		{8F9D8347-5A99-4929-90E4-268F417C0477}.Debug|Any CPU.ActiveCfg = Debug|Any CPU
		{8F9D8347-5A99-4929-90E4-268F417C0477}.Debug|Any CPU.Build.0 = Debug|Any CPU
		{8F9D8347-5A99-4929-90E4-268F417C0477}.Release|Any CPU.ActiveCfg = Release|Any CPU
		{8F9D8347-5A99-4929-90E4-268F417C0477}.Release|Any CPU.Build.0 = Release|Any CPU
		{C73E999E-ACFB-4A67-9DEC-3E708BB48D5D}.Debug|Any CPU.ActiveCfg = Debug|Any CPU
		{C73E999E-ACFB-4A67-9DEC-3E708BB48D5D}.Debug|Any CPU.Build.0 = Debug|Any CPU
		{C73E999E-ACFB-4A67-9DEC-3E708BB48D5D}.Release|Any CPU.ActiveCfg = Release|Any CPU
		{C73E999E-ACFB-4A67-9DEC-3E708BB48D5D}.Release|Any CPU.Build.0 = Release|Any CPU
		{DB9A6DF5-7FEB-4A3F-BD03-83B5036ECC4F}.Debug|Any CPU.ActiveCfg = Debug|Any CPU
		{DB9A6DF5-7FEB-4A3F-BD03-83B5036ECC4F}.Debug|Any CPU.Build.0 = Debug|Any CPU
		{DB9A6DF5-7FEB-4A3F-BD03-83B5036ECC4F}.Release|Any CPU.ActiveCfg = Release|Any CPU
		{DB9A6DF5-7FEB-4A3F-BD03-83B5036ECC4F}.Release|Any CPU.Build.0 = Release|Any CPU
		{C7044088-3EA2-4B4D-AC26-60DA0531F5B2}.Debug|Any CPU.ActiveCfg = Debug|Any CPU
		{C7044088-3EA2-4B4D-AC26-60DA0531F5B2}.Debug|Any CPU.Build.0 = Debug|Any CPU
		{C7044088-3EA2-4B4D-AC26-60DA0531F5B2}.Release|Any CPU.ActiveCfg = Release|Any CPU
		{C7044088-3EA2-4B4D-AC26-60DA0531F5B2}.Release|Any CPU.Build.0 = Release|Any CPU
		{93319352-3718-4568-B3D3-41FC4108C914}.Debug|Any CPU.ActiveCfg = Debug|Any CPU
		{93319352-3718-4568-B3D3-41FC4108C914}.Debug|Any CPU.Build.0 = Debug|Any CPU
		{93319352-3718-4568-B3D3-41FC4108C914}.Release|Any CPU.ActiveCfg = Release|Any CPU
		{93319352-3718-4568-B3D3-41FC4108C914}.Release|Any CPU.Build.0 = Release|Any CPU
		{75AE5DE6-B9D9-4BFA-A563-BA3CA9EB4C68}.Debug|Any CPU.ActiveCfg = Debug|Any CPU
		{75AE5DE6-B9D9-4BFA-A563-BA3CA9EB4C68}.Debug|Any CPU.Build.0 = Debug|Any CPU
		{75AE5DE6-B9D9-4BFA-A563-BA3CA9EB4C68}.Release|Any CPU.ActiveCfg = Release|Any CPU
		{75AE5DE6-B9D9-4BFA-A563-BA3CA9EB4C68}.Release|Any CPU.Build.0 = Release|Any CPU
		{E65B301F-A766-4931-BB23-18F8ED962C86}.Debug|Any CPU.ActiveCfg = Debug|Any CPU
		{E65B301F-A766-4931-BB23-18F8ED962C86}.Debug|Any CPU.Build.0 = Debug|Any CPU
		{E65B301F-A766-4931-BB23-18F8ED962C86}.Release|Any CPU.ActiveCfg = Release|Any CPU
		{E65B301F-A766-4931-BB23-18F8ED962C86}.Release|Any CPU.Build.0 = Release|Any CPU
		{481C4CFC-1E9F-47D7-B20B-5F265327F6D6}.Debug|Any CPU.ActiveCfg = Debug|Any CPU
		{481C4CFC-1E9F-47D7-B20B-5F265327F6D6}.Debug|Any CPU.Build.0 = Debug|Any CPU
		{481C4CFC-1E9F-47D7-B20B-5F265327F6D6}.Release|Any CPU.ActiveCfg = Release|Any CPU
		{481C4CFC-1E9F-47D7-B20B-5F265327F6D6}.Release|Any CPU.Build.0 = Release|Any CPU
		{ADE46D96-0E8C-4665-87EC-7B869015BF90}.Debug|Any CPU.ActiveCfg = Debug|Any CPU
		{ADE46D96-0E8C-4665-87EC-7B869015BF90}.Debug|Any CPU.Build.0 = Debug|Any CPU
		{ADE46D96-0E8C-4665-87EC-7B869015BF90}.Release|Any CPU.ActiveCfg = Release|Any CPU
		{ADE46D96-0E8C-4665-87EC-7B869015BF90}.Release|Any CPU.Build.0 = Release|Any CPU
		{8387ACED-D768-4244-92C9-1DF11A3499EA}.Debug|Any CPU.ActiveCfg = Debug|Any CPU
		{8387ACED-D768-4244-92C9-1DF11A3499EA}.Debug|Any CPU.Build.0 = Debug|Any CPU
		{8387ACED-D768-4244-92C9-1DF11A3499EA}.Release|Any CPU.ActiveCfg = Release|Any CPU
		{8387ACED-D768-4244-92C9-1DF11A3499EA}.Release|Any CPU.Build.0 = Release|Any CPU
		{82FDD43C-F34B-4A47-A508-FE2FCA86CF93}.Debug|Any CPU.ActiveCfg = Debug|Any CPU
		{82FDD43C-F34B-4A47-A508-FE2FCA86CF93}.Debug|Any CPU.Build.0 = Debug|Any CPU
		{82FDD43C-F34B-4A47-A508-FE2FCA86CF93}.Release|Any CPU.ActiveCfg = Release|Any CPU
		{82FDD43C-F34B-4A47-A508-FE2FCA86CF93}.Release|Any CPU.Build.0 = Release|Any CPU
		{10DE01D5-0D75-4229-8C60-2A6933E1BE26}.Debug|Any CPU.ActiveCfg = Debug|Any CPU
		{10DE01D5-0D75-4229-8C60-2A6933E1BE26}.Debug|Any CPU.Build.0 = Debug|Any CPU
		{10DE01D5-0D75-4229-8C60-2A6933E1BE26}.Release|Any CPU.ActiveCfg = Release|Any CPU
		{10DE01D5-0D75-4229-8C60-2A6933E1BE26}.Release|Any CPU.Build.0 = Release|Any CPU
		{4C070135-8CB6-427B-B01A-807E4773FCCD}.Debug|Any CPU.ActiveCfg = Debug|Any CPU
		{4C070135-8CB6-427B-B01A-807E4773FCCD}.Debug|Any CPU.Build.0 = Debug|Any CPU
		{4C070135-8CB6-427B-B01A-807E4773FCCD}.Release|Any CPU.ActiveCfg = Release|Any CPU
		{4C070135-8CB6-427B-B01A-807E4773FCCD}.Release|Any CPU.Build.0 = Release|Any CPU
		{F037FCDD-1DB2-4373-B520-310CEF20732B}.Debug|Any CPU.ActiveCfg = Debug|Any CPU
		{F037FCDD-1DB2-4373-B520-310CEF20732B}.Debug|Any CPU.Build.0 = Debug|Any CPU
		{F037FCDD-1DB2-4373-B520-310CEF20732B}.Release|Any CPU.ActiveCfg = Release|Any CPU
		{F037FCDD-1DB2-4373-B520-310CEF20732B}.Release|Any CPU.Build.0 = Release|Any CPU
		{6918C7EE-191B-499C-A6FB-5ADAB1938F5E}.Debug|Any CPU.ActiveCfg = Debug|Any CPU
		{6918C7EE-191B-499C-A6FB-5ADAB1938F5E}.Debug|Any CPU.Build.0 = Debug|Any CPU
		{6918C7EE-191B-499C-A6FB-5ADAB1938F5E}.Release|Any CPU.ActiveCfg = Release|Any CPU
		{6918C7EE-191B-499C-A6FB-5ADAB1938F5E}.Release|Any CPU.Build.0 = Release|Any CPU
		{68242CE5-D30B-475C-8F19-8368B4D034C4}.Debug|Any CPU.ActiveCfg = Debug|Any CPU
		{68242CE5-D30B-475C-8F19-8368B4D034C4}.Debug|Any CPU.Build.0 = Debug|Any CPU
		{68242CE5-D30B-475C-8F19-8368B4D034C4}.Release|Any CPU.ActiveCfg = Release|Any CPU
		{68242CE5-D30B-475C-8F19-8368B4D034C4}.Release|Any CPU.Build.0 = Release|Any CPU
		{23B1F3F2-9D83-4199-B9B5-9550DAC818B1}.Debug|Any CPU.ActiveCfg = Debug|Any CPU
		{23B1F3F2-9D83-4199-B9B5-9550DAC818B1}.Debug|Any CPU.Build.0 = Debug|Any CPU
		{23B1F3F2-9D83-4199-B9B5-9550DAC818B1}.Release|Any CPU.ActiveCfg = Release|Any CPU
		{23B1F3F2-9D83-4199-B9B5-9550DAC818B1}.Release|Any CPU.Build.0 = Release|Any CPU
		{18A96313-FF5E-4386-ADD4-05874F5BFC4A}.Debug|Any CPU.ActiveCfg = Debug|Any CPU
		{18A96313-FF5E-4386-ADD4-05874F5BFC4A}.Debug|Any CPU.Build.0 = Debug|Any CPU
		{18A96313-FF5E-4386-ADD4-05874F5BFC4A}.Release|Any CPU.ActiveCfg = Release|Any CPU
		{18A96313-FF5E-4386-ADD4-05874F5BFC4A}.Release|Any CPU.Build.0 = Release|Any CPU
		{7C004D86-8D6E-490A-9091-C5C7EC2CB22F}.Debug|Any CPU.ActiveCfg = Debug|Any CPU
		{7C004D86-8D6E-490A-9091-C5C7EC2CB22F}.Debug|Any CPU.Build.0 = Debug|Any CPU
		{7C004D86-8D6E-490A-9091-C5C7EC2CB22F}.Release|Any CPU.ActiveCfg = Release|Any CPU
		{7C004D86-8D6E-490A-9091-C5C7EC2CB22F}.Release|Any CPU.Build.0 = Release|Any CPU
		{FA7F471A-CFDF-4677-87A6-57C10922971F}.Debug|Any CPU.ActiveCfg = Debug|Any CPU
		{FA7F471A-CFDF-4677-87A6-57C10922971F}.Debug|Any CPU.Build.0 = Debug|Any CPU
		{FA7F471A-CFDF-4677-87A6-57C10922971F}.Release|Any CPU.ActiveCfg = Release|Any CPU
		{FA7F471A-CFDF-4677-87A6-57C10922971F}.Release|Any CPU.Build.0 = Release|Any CPU
		{CC50D902-7E31-4C29-A8D8-369F18C20932}.Debug|Any CPU.ActiveCfg = Debug|Any CPU
		{CC50D902-7E31-4C29-A8D8-369F18C20932}.Debug|Any CPU.Build.0 = Debug|Any CPU
		{CC50D902-7E31-4C29-A8D8-369F18C20932}.Release|Any CPU.ActiveCfg = Release|Any CPU
		{CC50D902-7E31-4C29-A8D8-369F18C20932}.Release|Any CPU.Build.0 = Release|Any CPU
		{D106CD00-50C7-4397-AC3B-C5C736D208B6}.Debug|Any CPU.ActiveCfg = Debug|Any CPU
		{D106CD00-50C7-4397-AC3B-C5C736D208B6}.Debug|Any CPU.Build.0 = Debug|Any CPU
		{D106CD00-50C7-4397-AC3B-C5C736D208B6}.Release|Any CPU.ActiveCfg = Release|Any CPU
		{D106CD00-50C7-4397-AC3B-C5C736D208B6}.Release|Any CPU.Build.0 = Release|Any CPU
		{C587F1FB-A5CC-42C2-9BB3-6BF74BBBB82A}.Debug|Any CPU.ActiveCfg = Debug|Any CPU
		{C587F1FB-A5CC-42C2-9BB3-6BF74BBBB82A}.Debug|Any CPU.Build.0 = Debug|Any CPU
		{C587F1FB-A5CC-42C2-9BB3-6BF74BBBB82A}.Release|Any CPU.ActiveCfg = Release|Any CPU
		{C587F1FB-A5CC-42C2-9BB3-6BF74BBBB82A}.Release|Any CPU.Build.0 = Release|Any CPU
		{87FBAFA4-0289-4E6F-A190-B81B07EFF033}.Debug|Any CPU.ActiveCfg = Debug|Any CPU
		{87FBAFA4-0289-4E6F-A190-B81B07EFF033}.Debug|Any CPU.Build.0 = Debug|Any CPU
		{87FBAFA4-0289-4E6F-A190-B81B07EFF033}.Release|Any CPU.ActiveCfg = Release|Any CPU
		{87FBAFA4-0289-4E6F-A190-B81B07EFF033}.Release|Any CPU.Build.0 = Release|Any CPU
		{7D4BBD32-A9D8-4CBA-93E4-677F212EAECA}.Debug|Any CPU.ActiveCfg = Debug|Any CPU
		{7D4BBD32-A9D8-4CBA-93E4-677F212EAECA}.Debug|Any CPU.Build.0 = Debug|Any CPU
		{7D4BBD32-A9D8-4CBA-93E4-677F212EAECA}.Release|Any CPU.ActiveCfg = Release|Any CPU
		{7D4BBD32-A9D8-4CBA-93E4-677F212EAECA}.Release|Any CPU.Build.0 = Release|Any CPU
		{B5DD02C5-5F3A-40AA-9D18-E48B7ABB57F9}.Debug|Any CPU.ActiveCfg = Debug|Any CPU
		{B5DD02C5-5F3A-40AA-9D18-E48B7ABB57F9}.Debug|Any CPU.Build.0 = Debug|Any CPU
		{B5DD02C5-5F3A-40AA-9D18-E48B7ABB57F9}.Release|Any CPU.ActiveCfg = Release|Any CPU
		{B5DD02C5-5F3A-40AA-9D18-E48B7ABB57F9}.Release|Any CPU.Build.0 = Release|Any CPU
	EndGlobalSection
	GlobalSection(NestedProjects) = preSolution
		{2F73E080-97E0-45A5-9D04-27C9D49AD470} = {3066765E-BA3B-4675-9181-3B0C3A5D1A47}
		{80858364-8428-41F1-97AF-8FD625BE5313} = {3066765E-BA3B-4675-9181-3B0C3A5D1A47}
		{1B5EB2C1-88CE-4B07-AA6C-521119692B2E} = {3066765E-BA3B-4675-9181-3B0C3A5D1A47}
		{CD64CCAF-1B7B-4019-9FB9-46AD417E86E5} = {3066765E-BA3B-4675-9181-3B0C3A5D1A47}
		{DDEC62DC-19DA-49D2-8CEE-A54C358061A0} = {3066765E-BA3B-4675-9181-3B0C3A5D1A47}
		{8F9D8347-5A99-4929-90E4-268F417C0477} = {3066765E-BA3B-4675-9181-3B0C3A5D1A47}
		{C73E999E-ACFB-4A67-9DEC-3E708BB48D5D} = {3066765E-BA3B-4675-9181-3B0C3A5D1A47}
		{DB9A6DF5-7FEB-4A3F-BD03-83B5036ECC4F} = {3066765E-BA3B-4675-9181-3B0C3A5D1A47}
		{C7044088-3EA2-4B4D-AC26-60DA0531F5B2} = {3066765E-BA3B-4675-9181-3B0C3A5D1A47}
		{93319352-3718-4568-B3D3-41FC4108C914} = {3066765E-BA3B-4675-9181-3B0C3A5D1A47}
		{75AE5DE6-B9D9-4BFA-A563-BA3CA9EB4C68} = {3066765E-BA3B-4675-9181-3B0C3A5D1A47}
		{E65B301F-A766-4931-BB23-18F8ED962C86} = {3066765E-BA3B-4675-9181-3B0C3A5D1A47}
		{481C4CFC-1E9F-47D7-B20B-5F265327F6D6} = {3066765E-BA3B-4675-9181-3B0C3A5D1A47}
		{ADE46D96-0E8C-4665-87EC-7B869015BF90} = {98B35956-D199-454C-AAFB-01DA7A40E975}
		{8387ACED-D768-4244-92C9-1DF11A3499EA} = {98B35956-D199-454C-AAFB-01DA7A40E975}
		{82FDD43C-F34B-4A47-A508-FE2FCA86CF93} = {98B35956-D199-454C-AAFB-01DA7A40E975}
		{10DE01D5-0D75-4229-8C60-2A6933E1BE26} = {98B35956-D199-454C-AAFB-01DA7A40E975}
		{4C070135-8CB6-427B-B01A-807E4773FCCD} = {98B35956-D199-454C-AAFB-01DA7A40E975}
		{F037FCDD-1DB2-4373-B520-310CEF20732B} = {98B35956-D199-454C-AAFB-01DA7A40E975}
		{6918C7EE-191B-499C-A6FB-5ADAB1938F5E} = {98B35956-D199-454C-AAFB-01DA7A40E975}
		{68242CE5-D30B-475C-8F19-8368B4D034C4} = {98B35956-D199-454C-AAFB-01DA7A40E975}
		{23B1F3F2-9D83-4199-B9B5-9550DAC818B1} = {98B35956-D199-454C-AAFB-01DA7A40E975}
		{18A96313-FF5E-4386-ADD4-05874F5BFC4A} = {98B35956-D199-454C-AAFB-01DA7A40E975}
		{7C004D86-8D6E-490A-9091-C5C7EC2CB22F} = {98B35956-D199-454C-AAFB-01DA7A40E975}
		{FA7F471A-CFDF-4677-87A6-57C10922971F} = {98B35956-D199-454C-AAFB-01DA7A40E975}
		{CC50D902-7E31-4C29-A8D8-369F18C20932} = {98B35956-D199-454C-AAFB-01DA7A40E975}
		{D106CD00-50C7-4397-AC3B-C5C736D208B6} = {98B35956-D199-454C-AAFB-01DA7A40E975}
		{C587F1FB-A5CC-42C2-9BB3-6BF74BBBB82A} = {98B35956-D199-454C-AAFB-01DA7A40E975}
		{87FBAFA4-0289-4E6F-A190-B81B07EFF033} = {98B35956-D199-454C-AAFB-01DA7A40E975}
		{7D4BBD32-A9D8-4CBA-93E4-677F212EAECA} = {98B35956-D199-454C-AAFB-01DA7A40E975}
		{B5DD02C5-5F3A-40AA-9D18-E48B7ABB57F9} = {98B35956-D199-454C-AAFB-01DA7A40E975}
	EndGlobalSection
EndGlobal
